
Microsoft Visual Studio Solution File, Format Version 12.00
# Visual Studio Version 16
VisualStudioVersion = 16.0.28803.156
MinimumVisualStudioVersion = 10.0.40219.1
Project("{FAE04EC0-301F-11D3-BF4B-00C04F79EFBC}") = "laba6.1", "laba6.1\laba6.1.csproj", "{D0E46F3C-3E17-47F3-9199-A953AA412480}"
EndProject
Global
	GlobalSection(SolutionConfigurationPlatforms) = preSolution
		Debug|Any CPU = Debug|Any CPU
		Release|Any CPU = Release|Any CPU
	EndGlobalSection
	GlobalSection(ProjectConfigurationPlatforms) = postSolution
		{D0E46F3C-3E17-47F3-9199-A953AA412480}.Debug|Any CPU.ActiveCfg = Debug|Any CPU
		{D0E46F3C-3E17-47F3-9199-A953AA412480}.Debug|Any CPU.Build.0 = Debug|Any CPU
		{D0E46F3C-3E17-47F3-9199-A953AA412480}.Release|Any CPU.ActiveCfg = Release|Any CPU
		{D0E46F3C-3E17-47F3-9199-A953AA412480}.Release|Any CPU.Build.0 = Release|Any CPU
	EndGlobalSection
	GlobalSection(SolutionProperties) = preSolution
		HideSolutionNode = FALSE
	EndGlobalSection
	GlobalSection(ExtensibilityGlobals) = postSolution
		SolutionGuid = {A0C2570C-85D1-4F36-91FE-D4F0C37D2CCA}
	EndGlobalSection
EndGlobal
