
Microsoft Visual Studio Solution File, Format Version 12.00
# Visual Studio 15
VisualStudioVersion = 15.0.28307.329
MinimumVisualStudioVersion = 10.0.40219.1
Project("{FAE04EC0-301F-11D3-BF4B-00C04F79EFBC}") = "Alg1", "Alg1\Alg1.csproj", "{46C1BC48-ECDC-4525-B522-C0CD5C6AE114}"
EndProject
Global
	GlobalSection(SolutionConfigurationPlatforms) = preSolution
		Debug|Any CPU = Debug|Any CPU
		Release|Any CPU = Release|Any CPU
	EndGlobalSection
	GlobalSection(ProjectConfigurationPlatforms) = postSolution
		{46C1BC48-ECDC-4525-B522-C0CD5C6AE114}.Debug|Any CPU.ActiveCfg = Debug|Any CPU
		{46C1BC48-ECDC-4525-B522-C0CD5C6AE114}.Debug|Any CPU.Build.0 = Debug|Any CPU
		{46C1BC48-ECDC-4525-B522-C0CD5C6AE114}.Release|Any CPU.ActiveCfg = Release|Any CPU
		{46C1BC48-ECDC-4525-B522-C0CD5C6AE114}.Release|Any CPU.Build.0 = Release|Any CPU
	EndGlobalSection
	GlobalSection(SolutionProperties) = preSolution
		HideSolutionNode = FALSE
	EndGlobalSection
	GlobalSection(ExtensibilityGlobals) = postSolution
		SolutionGuid = {34C13A84-F16E-4127-BA06-BBE4AE757E6D}
	EndGlobalSection
EndGlobal
